
Microsoft Visual Studio Solution File, Format Version 12.00
# Visual Studio Version 17
VisualStudioVersion = 17.3.32825.248
MinimumVisualStudioVersion = 10.0.40219.1
Project("{8BC9CEB8-8B4A-11D0-8D11-00A0C91BC942}") = "HEX", "HEX.vcxproj", "{505BC1E2-3BC3-4E5A-BB7E-ABCB7396AE64}"
EndProject
Global
	GlobalSection(SolutionConfigurationPlatforms) = preSolution
		Debug|x64 = Debug|x64
		Debug|x86 = Debug|x86
		Release|x64 = Release|x64
		Release|x86 = Release|x86
	EndGlobalSection
	GlobalSection(ProjectConfigurationPlatforms) = postSolution
		{505BC1E2-3BC3-4E5A-BB7E-ABCB7396AE64}.Debug|x64.ActiveCfg = Debug|x64
		{505BC1E2-3BC3-4E5A-BB7E-ABCB7396AE64}.Debug|x64.Build.0 = Debug|x64
		{505BC1E2-3BC3-4E5A-BB7E-ABCB7396AE64}.Debug|x86.ActiveCfg = Debug|Win32
		{505BC1E2-3BC3-4E5A-BB7E-ABCB7396AE64}.Debug|x86.Build.0 = Debug|Win32
		{505BC1E2-3BC3-4E5A-BB7E-ABCB7396AE64}.Release|x64.ActiveCfg = Release|x64
		{505BC1E2-3BC3-4E5A-BB7E-ABCB7396AE64}.Release|x64.Build.0 = Release|x64
		{505BC1E2-3BC3-4E5A-BB7E-ABCB7396AE64}.Release|x86.ActiveCfg = Release|Win32
		{505BC1E2-3BC3-4E5A-BB7E-ABCB7396AE64}.Release|x86.Build.0 = Release|Win32
	EndGlobalSection
	GlobalSection(SolutionProperties) = preSolution
		HideSolutionNode = FALSE
	EndGlobalSection
	GlobalSection(ExtensibilityGlobals) = postSolution
		SolutionGuid = {D8B2EF0C-B5E4-4968-BB96-E05945F81902}
	EndGlobalSection
EndGlobal
